// !$*UTF8*$!
{
	archiveVersion = 1;
	classes = {
	};
	objectVersion = 46;
	objects = {

/* Begin PBXBuildFile section */
		4810E3551B1744C300F72097 /* AppDelegate.swift in Sources */ = {isa = PBXBuildFile; fileRef = 4810E3541B1744C300F72097 /* AppDelegate.swift */; };
		4810E35A1B1744C300F72097 /* Main.storyboard in Resources */ = {isa = PBXBuildFile; fileRef = 4810E3581B1744C300F72097 /* Main.storyboard */; };
		4810E35C1B1744C300F72097 /* Images.xcassets in Resources */ = {isa = PBXBuildFile; fileRef = 4810E35B1B1744C300F72097 /* Images.xcassets */; };
		4810E35F1B1744C300F72097 /* LaunchScreen.xib in Resources */ = {isa = PBXBuildFile; fileRef = 4810E35D1B1744C300F72097 /* LaunchScreen.xib */; };
		4810E36B1B1744C400F72097 /* CoreDataModellerTests.swift in Sources */ = {isa = PBXBuildFile; fileRef = 4810E36A1B1744C400F72097 /* CoreDataModellerTests.swift */; };
		4810E3771B17454A00F72097 /* Cows.swift in Sources */ = {isa = PBXBuildFile; fileRef = 4810E3761B17454A00F72097 /* Cows.swift */; };
		4812E3C71B1CF3E90061EAB1 /* GraphView.swift in Sources */ = {isa = PBXBuildFile; fileRef = 4812E3C61B1CF3E90061EAB1 /* GraphView.swift */; };
		4812E3C91B1D046F0061EAB1 /* GraphWorldView.swift in Sources */ = {isa = PBXBuildFile; fileRef = 4812E3C81B1D046F0061EAB1 /* GraphWorldView.swift */; };
		4812E3CB1B1D047C0061EAB1 /* VertView.swift in Sources */ = {isa = PBXBuildFile; fileRef = 4812E3CA1B1D047C0061EAB1 /* VertView.swift */; };
		4812E3CD1B1D048C0061EAB1 /* EdgeView.swift in Sources */ = {isa = PBXBuildFile; fileRef = 4812E3CC1B1D048C0061EAB1 /* EdgeView.swift */; };
		4812E3CF1B1D04BC0061EAB1 /* LandingVC.swift in Sources */ = {isa = PBXBuildFile; fileRef = 4812E3CE1B1D04BC0061EAB1 /* LandingVC.swift */; };
		48282E921B179DF400BDA782 /* Model.xcdatamodeld in Sources */ = {isa = PBXBuildFile; fileRef = 48282E901B179DF400BDA782 /* Model.xcdatamodeld */; };
		48282EBA1B17AED100BDA782 /* VertExtension.swift in Sources */ = {isa = PBXBuildFile; fileRef = 48282EB91B17AED100BDA782 /* VertExtension.swift */; };
		483DAFB01B1E8A94007A532E /* GraphFunction.swift in Sources */ = {isa = PBXBuildFile; fileRef = 483DAFAF1B1E8A94007A532E /* GraphFunction.swift */; };
		483DAFB11B1E8D40007A532E /* GraphExtension.swift in Sources */ = {isa = PBXBuildFile; fileRef = 4882F58C1B1E4046002F6A01 /* GraphExtension.swift */; };
		483DAFB21B1E8D42007A532E /* EdgeExtension.swift in Sources */ = {isa = PBXBuildFile; fileRef = 4882F58E1B1E4391002F6A01 /* EdgeExtension.swift */; };
		483DAFB31B1E8D4C007A532E /* GraphFunction.swift in Sources */ = {isa = PBXBuildFile; fileRef = 483DAFAF1B1E8A94007A532E /* GraphFunction.swift */; };
		487FDD011B1A6BC60087C0AF /* NSSet + Edit.swift in Sources */ = {isa = PBXBuildFile; fileRef = 487FDD001B1A6BC60087C0AF /* NSSet + Edit.swift */; };
		4882F58D1B1E4046002F6A01 /* GraphExtension.swift in Sources */ = {isa = PBXBuildFile; fileRef = 4882F58C1B1E4046002F6A01 /* GraphExtension.swift */; };
		4882F58F1B1E4391002F6A01 /* EdgeExtension.swift in Sources */ = {isa = PBXBuildFile; fileRef = 4882F58E1B1E4391002F6A01 /* EdgeExtension.swift */; };
		4890391C1B1B55CC005E0992 /* Entity.swift in Sources */ = {isa = PBXBuildFile; fileRef = 4890391B1B1B55CC005E0992 /* Entity.swift */; };
		4890391E1B1B55CD005E0992 /* Edge.swift in Sources */ = {isa = PBXBuildFile; fileRef = 4890391D1B1B55CD005E0992 /* Edge.swift */; };
		489039201B1B55CD005E0992 /* Graph.swift in Sources */ = {isa = PBXBuildFile; fileRef = 4890391F1B1B55CD005E0992 /* Graph.swift */; };
		489039221B1B55CD005E0992 /* Vert.swift in Sources */ = {isa = PBXBuildFile; fileRef = 489039211B1B55CD005E0992 /* Vert.swift */; };
		489039241B1B8E0C005E0992 /* CoreController.swift in Sources */ = {isa = PBXBuildFile; fileRef = 489039231B1B8E0C005E0992 /* CoreController.swift */; };
		48E92AB61B1E226700110510 /* NSSet + Edit.swift in Sources */ = {isa = PBXBuildFile; fileRef = 487FDD001B1A6BC60087C0AF /* NSSet + Edit.swift */; };
		48E92AB71B1E226700110510 /* Vert.swift in Sources */ = {isa = PBXBuildFile; fileRef = 489039211B1B55CD005E0992 /* Vert.swift */; };
		48E92AB81B1E226700110510 /* Graph.swift in Sources */ = {isa = PBXBuildFile; fileRef = 4890391F1B1B55CD005E0992 /* Graph.swift */; };
		48E92AB91B1E226700110510 /* Edge.swift in Sources */ = {isa = PBXBuildFile; fileRef = 4890391D1B1B55CD005E0992 /* Edge.swift */; };
		48E92ABA1B1E226700110510 /* Entity.swift in Sources */ = {isa = PBXBuildFile; fileRef = 4890391B1B1B55CC005E0992 /* Entity.swift */; };
		48E92ABB1B1E226700110510 /* VertExtension.swift in Sources */ = {isa = PBXBuildFile; fileRef = 48282EB91B17AED100BDA782 /* VertExtension.swift */; };
		48E92ABC1B1E226700110510 /* CoreDataModeller-Bridging-Header.h in Sources */ = {isa = PBXBuildFile; fileRef = 4810E37A1B17494000F72097 /* CoreDataModeller-Bridging-Header.h */; };
		48E92ABD1B1E226700110510 /* GraphView.swift in Sources */ = {isa = PBXBuildFile; fileRef = 4812E3C61B1CF3E90061EAB1 /* GraphView.swift */; };
		48E92ABE1B1E226700110510 /* GraphWorldView.swift in Sources */ = {isa = PBXBuildFile; fileRef = 4812E3C81B1D046F0061EAB1 /* GraphWorldView.swift */; };
		48E92ABF1B1E226700110510 /* VertView.swift in Sources */ = {isa = PBXBuildFile; fileRef = 4812E3CA1B1D047C0061EAB1 /* VertView.swift */; };
		48E92AC01B1E226700110510 /* EdgeView.swift in Sources */ = {isa = PBXBuildFile; fileRef = 4812E3CC1B1D048C0061EAB1 /* EdgeView.swift */; };
		48E92AC11B1E226700110510 /* CoreController.swift in Sources */ = {isa = PBXBuildFile; fileRef = 489039231B1B8E0C005E0992 /* CoreController.swift */; };
		48E92AC21B1E226700110510 /* LandingVC.swift in Sources */ = {isa = PBXBuildFile; fileRef = 4812E3CE1B1D04BC0061EAB1 /* LandingVC.swift */; };
		48E92AC31B1E226700110510 /* AppDelegate.swift in Sources */ = {isa = PBXBuildFile; fileRef = 4810E3541B1744C300F72097 /* AppDelegate.swift */; };
/* End PBXBuildFile section */

/* Begin PBXContainerItemProxy section */
		4810E3651B1744C400F72097 /* PBXContainerItemProxy */ = {
			isa = PBXContainerItemProxy;
			containerPortal = 4810E3471B1744C300F72097 /* Project object */;
			proxyType = 1;
			remoteGlobalIDString = 4810E34E1B1744C300F72097;
			remoteInfo = CoreDataModeller;
		};
/* End PBXContainerItemProxy section */

/* Begin PBXFileReference section */
		4810E34F1B1744C300F72097 /* CoreDataModeller.app */ = {isa = PBXFileReference; explicitFileType = wrapper.application; includeInIndex = 0; path = CoreDataModeller.app; sourceTree = BUILT_PRODUCTS_DIR; };
		4810E3531B1744C300F72097 /* Info.plist */ = {isa = PBXFileReference; lastKnownFileType = text.plist.xml; path = Info.plist; sourceTree = "<group>"; };
		4810E3541B1744C300F72097 /* AppDelegate.swift */ = {isa = PBXFileReference; lastKnownFileType = sourcecode.swift; path = AppDelegate.swift; sourceTree = "<group>"; };
		4810E3591B1744C300F72097 /* Base */ = {isa = PBXFileReference; lastKnownFileType = file.storyboard; name = Base; path = Base.lproj/Main.storyboard; sourceTree = "<group>"; };
		4810E35B1B1744C300F72097 /* Images.xcassets */ = {isa = PBXFileReference; lastKnownFileType = folder.assetcatalog; path = Images.xcassets; sourceTree = "<group>"; };
		4810E35E1B1744C300F72097 /* Base */ = {isa = PBXFileReference; lastKnownFileType = file.xib; name = Base; path = Base.lproj/LaunchScreen.xib; sourceTree = "<group>"; };
		4810E3641B1744C400F72097 /* CoreDataModellerTests.xctest */ = {isa = PBXFileReference; explicitFileType = wrapper.cfbundle; includeInIndex = 0; path = CoreDataModellerTests.xctest; sourceTree = BUILT_PRODUCTS_DIR; };
		4810E3691B1744C400F72097 /* Info.plist */ = {isa = PBXFileReference; lastKnownFileType = text.plist.xml; path = Info.plist; sourceTree = "<group>"; };
		4810E36A1B1744C400F72097 /* CoreDataModellerTests.swift */ = {isa = PBXFileReference; lastKnownFileType = sourcecode.swift; path = CoreDataModellerTests.swift; sourceTree = "<group>"; };
		4810E3761B17454A00F72097 /* Cows.swift */ = {isa = PBXFileReference; fileEncoding = 4; lastKnownFileType = sourcecode.swift; name = Cows.swift; path = CoreDataModeller/Cows.swift; sourceTree = "<group>"; };
		4810E37A1B17494000F72097 /* CoreDataModeller-Bridging-Header.h */ = {isa = PBXFileReference; lastKnownFileType = sourcecode.c.h; path = "CoreDataModeller-Bridging-Header.h"; sourceTree = "<group>"; };
		4812E3C61B1CF3E90061EAB1 /* GraphView.swift */ = {isa = PBXFileReference; fileEncoding = 4; lastKnownFileType = sourcecode.swift; path = GraphView.swift; sourceTree = "<group>"; };
		4812E3C81B1D046F0061EAB1 /* GraphWorldView.swift */ = {isa = PBXFileReference; fileEncoding = 4; lastKnownFileType = sourcecode.swift; path = GraphWorldView.swift; sourceTree = "<group>"; };
		4812E3CA1B1D047C0061EAB1 /* VertView.swift */ = {isa = PBXFileReference; fileEncoding = 4; lastKnownFileType = sourcecode.swift; path = VertView.swift; sourceTree = "<group>"; };
		4812E3CC1B1D048C0061EAB1 /* EdgeView.swift */ = {isa = PBXFileReference; fileEncoding = 4; lastKnownFileType = sourcecode.swift; path = EdgeView.swift; sourceTree = "<group>"; };
		4812E3CE1B1D04BC0061EAB1 /* LandingVC.swift */ = {isa = PBXFileReference; fileEncoding = 4; lastKnownFileType = sourcecode.swift; path = LandingVC.swift; sourceTree = "<group>"; };
		48282E911B179DF400BDA782 /* Model.xcdatamodel */ = {isa = PBXFileReference; lastKnownFileType = wrapper.xcdatamodel; path = Model.xcdatamodel; sourceTree = "<group>"; };
		48282EB91B17AED100BDA782 /* VertExtension.swift */ = {isa = PBXFileReference; fileEncoding = 4; lastKnownFileType = sourcecode.swift; path = VertExtension.swift; sourceTree = "<group>"; };
		483DAFAF1B1E8A94007A532E /* GraphFunction.swift */ = {isa = PBXFileReference; fileEncoding = 4; lastKnownFileType = sourcecode.swift; path = GraphFunction.swift; sourceTree = "<group>"; };
		487FDD001B1A6BC60087C0AF /* NSSet + Edit.swift */ = {isa = PBXFileReference; fileEncoding = 4; lastKnownFileType = sourcecode.swift; path = "NSSet + Edit.swift"; sourceTree = "<group>"; };
		4882F58C1B1E4046002F6A01 /* GraphExtension.swift */ = {isa = PBXFileReference; fileEncoding = 4; lastKnownFileType = sourcecode.swift; path = GraphExtension.swift; sourceTree = "<group>"; };
		4882F58E1B1E4391002F6A01 /* EdgeExtension.swift */ = {isa = PBXFileReference; fileEncoding = 4; lastKnownFileType = sourcecode.swift; path = EdgeExtension.swift; sourceTree = "<group>"; };
		4890391B1B1B55CC005E0992 /* Entity.swift */ = {isa = PBXFileReference; fileEncoding = 4; lastKnownFileType = sourcecode.swift; name = Entity.swift; path = ../Entity.swift; sourceTree = "<group>"; };
		4890391D1B1B55CD005E0992 /* Edge.swift */ = {isa = PBXFileReference; fileEncoding = 4; lastKnownFileType = sourcecode.swift; name = Edge.swift; path = ../Edge.swift; sourceTree = "<group>"; };
		4890391F1B1B55CD005E0992 /* Graph.swift */ = {isa = PBXFileReference; fileEncoding = 4; lastKnownFileType = sourcecode.swift; name = Graph.swift; path = ../Graph.swift; sourceTree = "<group>"; };
		489039211B1B55CD005E0992 /* Vert.swift */ = {isa = PBXFileReference; fileEncoding = 4; lastKnownFileType = sourcecode.swift; name = Vert.swift; path = ../Vert.swift; sourceTree = "<group>"; };
		489039231B1B8E0C005E0992 /* CoreController.swift */ = {isa = PBXFileReference; fileEncoding = 4; lastKnownFileType = sourcecode.swift; path = CoreController.swift; sourceTree = "<group>"; };
/* End PBXFileReference section */

/* Begin PBXFrameworksBuildPhase section */
		4810E34C1B1744C300F72097 /* Frameworks */ = {
			isa = PBXFrameworksBuildPhase;
			buildActionMask = 2147483647;
			files = (
			);
			runOnlyForDeploymentPostprocessing = 0;
		};
		4810E3611B1744C400F72097 /* Frameworks */ = {
			isa = PBXFrameworksBuildPhase;
			buildActionMask = 2147483647;
			files = (
			);
			runOnlyForDeploymentPostprocessing = 0;
		};
/* End PBXFrameworksBuildPhase section */

/* Begin PBXGroup section */
		4810E3461B1744C300F72097 = {
			isa = PBXGroup;
			children = (
				4810E3761B17454A00F72097 /* Cows.swift */,
				4810E3511B1744C300F72097 /* CoreDataModeller */,
				4810E3671B1744C400F72097 /* CoreDataModellerTests */,
				4810E3501B1744C300F72097 /* Products */,
			);
			sourceTree = "<group>";
		};
		4810E3501B1744C300F72097 /* Products */ = {
			isa = PBXGroup;
			children = (
				4810E34F1B1744C300F72097 /* CoreDataModeller.app */,
				4810E3641B1744C400F72097 /* CoreDataModellerTests.xctest */,
			);
			name = Products;
			sourceTree = "<group>";
		};
		4810E3511B1744C300F72097 /* CoreDataModeller */ = {
			isa = PBXGroup;
			children = (
				487FDD001B1A6BC60087C0AF /* NSSet + Edit.swift */,
				4810E3741B1744DE00F72097 /* Model */,
				4810E3751B17450D00F72097 /* View */,
				489039251B1B8E13005E0992 /* Controller */,
				4810E3541B1744C300F72097 /* AppDelegate.swift */,
				48282E901B179DF400BDA782 /* Model.xcdatamodeld */,
				4810E3581B1744C300F72097 /* Main.storyboard */,
				4810E35B1B1744C300F72097 /* Images.xcassets */,
				4810E35D1B1744C300F72097 /* LaunchScreen.xib */,
				4810E3521B1744C300F72097 /* Supporting Files */,
			);
			path = CoreDataModeller;
			sourceTree = "<group>";
		};
		4810E3521B1744C300F72097 /* Supporting Files */ = {
			isa = PBXGroup;
			children = (
				4810E3531B1744C300F72097 /* Info.plist */,
			);
			name = "Supporting Files";
			sourceTree = "<group>";
		};
		4810E3671B1744C400F72097 /* CoreDataModellerTests */ = {
			isa = PBXGroup;
			children = (
				4810E36A1B1744C400F72097 /* CoreDataModellerTests.swift */,
				4810E3681B1744C400F72097 /* Supporting Files */,
			);
			path = CoreDataModellerTests;
			sourceTree = "<group>";
		};
		4810E3681B1744C400F72097 /* Supporting Files */ = {
			isa = PBXGroup;
			children = (
				4810E3691B1744C400F72097 /* Info.plist */,
			);
			name = "Supporting Files";
			sourceTree = "<group>";
		};
		4810E3741B1744DE00F72097 /* Model */ = {
			isa = PBXGroup;
			children = (
				489039211B1B55CD005E0992 /* Vert.swift */,
				4890391F1B1B55CD005E0992 /* Graph.swift */,
				4890391D1B1B55CD005E0992 /* Edge.swift */,
				4890391B1B1B55CC005E0992 /* Entity.swift */,
				483DAFAF1B1E8A94007A532E /* GraphFunction.swift */,
				48282EA71B17A1BD00BDA782 /* Categories */,
				4810E37A1B17494000F72097 /* CoreDataModeller-Bridging-Header.h */,
			);
			name = Model;
			sourceTree = "<group>";
		};
		4810E3751B17450D00F72097 /* View */ = {
			isa = PBXGroup;
			children = (
				4812E3C61B1CF3E90061EAB1 /* GraphView.swift */,
				4812E3C81B1D046F0061EAB1 /* GraphWorldView.swift */,
				4812E3CA1B1D047C0061EAB1 /* VertView.swift */,
				4812E3CC1B1D048C0061EAB1 /* EdgeView.swift */,
			);
			name = View;
			sourceTree = "<group>";
		};
		48282EA71B17A1BD00BDA782 /* Categories */ = {
			isa = PBXGroup;
			children = (
				48282EB91B17AED100BDA782 /* VertExtension.swift */,
				4882F58E1B1E4391002F6A01 /* EdgeExtension.swift */,
				4882F58C1B1E4046002F6A01 /* GraphExtension.swift */,
			);
			name = Categories;
			sourceTree = "<group>";
		};
		489039251B1B8E13005E0992 /* Controller */ = {
			isa = PBXGroup;
			children = (
				489039231B1B8E0C005E0992 /* CoreController.swift */,
				4812E3CE1B1D04BC0061EAB1 /* LandingVC.swift */,
			);
			name = Controller;
			sourceTree = "<group>";
		};
/* End PBXGroup section */

/* Begin PBXNativeTarget section */
		4810E34E1B1744C300F72097 /* CoreDataModeller */ = {
			isa = PBXNativeTarget;
			buildConfigurationList = 4810E36E1B1744C400F72097 /* Build configuration list for PBXNativeTarget "CoreDataModeller" */;
			buildPhases = (
				4810E34B1B1744C300F72097 /* Sources */,
				4810E34C1B1744C300F72097 /* Frameworks */,
				4810E34D1B1744C300F72097 /* Resources */,
			);
			buildRules = (
			);
			dependencies = (
			);
			name = CoreDataModeller;
			productName = CoreDataModeller;
			productReference = 4810E34F1B1744C300F72097 /* CoreDataModeller.app */;
			productType = "com.apple.product-type.application";
		};
		4810E3631B1744C400F72097 /* CoreDataModellerTests */ = {
			isa = PBXNativeTarget;
			buildConfigurationList = 4810E3711B1744C400F72097 /* Build configuration list for PBXNativeTarget "CoreDataModellerTests" */;
			buildPhases = (
				4810E3601B1744C400F72097 /* Sources */,
				4810E3611B1744C400F72097 /* Frameworks */,
				4810E3621B1744C400F72097 /* Resources */,
			);
			buildRules = (
			);
			dependencies = (
				4810E3661B1744C400F72097 /* PBXTargetDependency */,
			);
			name = CoreDataModellerTests;
			productName = CoreDataModellerTests;
			productReference = 4810E3641B1744C400F72097 /* CoreDataModellerTests.xctest */;
			productType = "com.apple.product-type.bundle.unit-test";
		};
/* End PBXNativeTarget section */

/* Begin PBXProject section */
		4810E3471B1744C300F72097 /* Project object */ = {
			isa = PBXProject;
			attributes = {
				LastUpgradeCheck = 0630;
				ORGANIZATIONNAME = "David Marquis";
				TargetAttributes = {
					4810E34E1B1744C300F72097 = {
						CreatedOnToolsVersion = 6.3;
					};
					4810E3631B1744C400F72097 = {
						CreatedOnToolsVersion = 6.3;
						TestTargetID = 4810E34E1B1744C300F72097;
					};
				};
			};
			buildConfigurationList = 4810E34A1B1744C300F72097 /* Build configuration list for PBXProject "CoreDataModeller" */;
			compatibilityVersion = "Xcode 3.2";
			developmentRegion = English;
			hasScannedForEncodings = 0;
			knownRegions = (
				en,
				Base,
			);
			mainGroup = 4810E3461B1744C300F72097;
			productRefGroup = 4810E3501B1744C300F72097 /* Products */;
			projectDirPath = "";
			projectRoot = "";
			targets = (
				4810E34E1B1744C300F72097 /* CoreDataModeller */,
				4810E3631B1744C400F72097 /* CoreDataModellerTests */,
			);
		};
/* End PBXProject section */

/* Begin PBXResourcesBuildPhase section */
		4810E34D1B1744C300F72097 /* Resources */ = {
			isa = PBXResourcesBuildPhase;
			buildActionMask = 2147483647;
			files = (
				4810E35A1B1744C300F72097 /* Main.storyboard in Resources */,
				4810E35F1B1744C300F72097 /* LaunchScreen.xib in Resources */,
				4810E35C1B1744C300F72097 /* Images.xcassets in Resources */,
			);
			runOnlyForDeploymentPostprocessing = 0;
		};
		4810E3621B1744C400F72097 /* Resources */ = {
			isa = PBXResourcesBuildPhase;
			buildActionMask = 2147483647;
			files = (
			);
			runOnlyForDeploymentPostprocessing = 0;
		};
/* End PBXResourcesBuildPhase section */

/* Begin PBXSourcesBuildPhase section */
		4810E34B1B1744C300F72097 /* Sources */ = {
			isa = PBXSourcesBuildPhase;
			buildActionMask = 2147483647;
			files = (
				489039201B1B55CD005E0992 /* Graph.swift in Sources */,
				4890391E1B1B55CD005E0992 /* Edge.swift in Sources */,
				4882F58F1B1E4391002F6A01 /* EdgeExtension.swift in Sources */,
				48282EBA1B17AED100BDA782 /* VertExtension.swift in Sources */,
				4812E3CB1B1D047C0061EAB1 /* VertView.swift in Sources */,
				4812E3C91B1D046F0061EAB1 /* GraphWorldView.swift in Sources */,
				4812E3C71B1CF3E90061EAB1 /* GraphView.swift in Sources */,
				4810E3771B17454A00F72097 /* Cows.swift in Sources */,
				4812E3CD1B1D048C0061EAB1 /* EdgeView.swift in Sources */,
				4812E3CF1B1D04BC0061EAB1 /* LandingVC.swift in Sources */,
				4890391C1B1B55CC005E0992 /* Entity.swift in Sources */,
				4810E3551B1744C300F72097 /* AppDelegate.swift in Sources */,
				489039221B1B55CD005E0992 /* Vert.swift in Sources */,
				487FDD011B1A6BC60087C0AF /* NSSet + Edit.swift in Sources */,
				483DAFB01B1E8A94007A532E /* GraphFunction.swift in Sources */,
				48282E921B179DF400BDA782 /* Model.xcdatamodeld in Sources */,
				4882F58D1B1E4046002F6A01 /* GraphExtension.swift in Sources */,
				489039241B1B8E0C005E0992 /* CoreController.swift in Sources */,
			);
			runOnlyForDeploymentPostprocessing = 0;
		};
		4810E3601B1744C400F72097 /* Sources */ = {
			isa = PBXSourcesBuildPhase;
			buildActionMask = 2147483647;
			files = (
				48E92AB61B1E226700110510 /* NSSet + Edit.swift in Sources */,
				48E92AB71B1E226700110510 /* Vert.swift in Sources */,
				483DAFB21B1E8D42007A532E /* EdgeExtension.swift in Sources */,
				48E92AB81B1E226700110510 /* Graph.swift in Sources */,
				48E92AB91B1E226700110510 /* Edge.swift in Sources */,
				48E92ABA1B1E226700110510 /* Entity.swift in Sources */,
				48E92ABB1B1E226700110510 /* VertExtension.swift in Sources */,
				48E92ABC1B1E226700110510 /* CoreDataModeller-Bridging-Header.h in Sources */,
				48E92ABD1B1E226700110510 /* GraphView.swift in Sources */,
				48E92ABE1B1E226700110510 /* GraphWorldView.swift in Sources */,
				48E92ABF1B1E226700110510 /* VertView.swift in Sources */,
				48E92AC01B1E226700110510 /* EdgeView.swift in Sources */,
				48E92AC11B1E226700110510 /* CoreController.swift in Sources */,
				48E92AC21B1E226700110510 /* LandingVC.swift in Sources */,
				483DAFB31B1E8D4C007A532E /* GraphFunction.swift in Sources */,
				48E92AC31B1E226700110510 /* AppDelegate.swift in Sources */,
				483DAFB11B1E8D40007A532E /* GraphExtension.swift in Sources */,
				4810E36B1B1744C400F72097 /* CoreDataModellerTests.swift in Sources */,
			);
			runOnlyForDeploymentPostprocessing = 0;
		};
/* End PBXSourcesBuildPhase section */

/* Begin PBXTargetDependency section */
		4810E3661B1744C400F72097 /* PBXTargetDependency */ = {
			isa = PBXTargetDependency;
			target = 4810E34E1B1744C300F72097 /* CoreDataModeller */;
			targetProxy = 4810E3651B1744C400F72097 /* PBXContainerItemProxy */;
		};
/* End PBXTargetDependency section */

/* Begin PBXVariantGroup section */
		4810E3581B1744C300F72097 /* Main.storyboard */ = {
			isa = PBXVariantGroup;
			children = (
				4810E3591B1744C300F72097 /* Base */,
			);
			name = Main.storyboard;
			sourceTree = "<group>";
		};
		4810E35D1B1744C300F72097 /* LaunchScreen.xib */ = {
			isa = PBXVariantGroup;
			children = (
				4810E35E1B1744C300F72097 /* Base */,
			);
			name = LaunchScreen.xib;
			sourceTree = "<group>";
		};
/* End PBXVariantGroup section */

/* Begin XCBuildConfiguration section */
		4810E36C1B1744C400F72097 /* Debug */ = {
			isa = XCBuildConfiguration;
			buildSettings = {
				ALWAYS_SEARCH_USER_PATHS = NO;
				CLANG_CXX_LANGUAGE_STANDARD = "gnu++0x";
				CLANG_CXX_LIBRARY = "libc++";
				CLANG_ENABLE_MODULES = YES;
				CLANG_ENABLE_OBJC_ARC = YES;
				CLANG_WARN_BOOL_CONVERSION = YES;
				CLANG_WARN_CONSTANT_CONVERSION = YES;
				CLANG_WARN_DIRECT_OBJC_ISA_USAGE = YES_ERROR;
				CLANG_WARN_EMPTY_BODY = YES;
				CLANG_WARN_ENUM_CONVERSION = YES;
				CLANG_WARN_INT_CONVERSION = YES;
				CLANG_WARN_OBJC_ROOT_CLASS = YES_ERROR;
				CLANG_WARN_UNREACHABLE_CODE = YES;
				CLANG_WARN__DUPLICATE_METHOD_MATCH = YES;
				"CODE_SIGN_IDENTITY[sdk=iphoneos*]" = "iPhone Developer";
				COPY_PHASE_STRIP = NO;
				DEBUG_INFORMATION_FORMAT = "dwarf-with-dsym";
				ENABLE_STRICT_OBJC_MSGSEND = YES;
				GCC_C_LANGUAGE_STANDARD = gnu99;
				GCC_DYNAMIC_NO_PIC = NO;
				GCC_NO_COMMON_BLOCKS = YES;
				GCC_OPTIMIZATION_LEVEL = 0;
				GCC_PREPROCESSOR_DEFINITIONS = (
					"DEBUG=1",
					"$(inherited)",
				);
				GCC_SYMBOLS_PRIVATE_EXTERN = NO;
				GCC_WARN_64_TO_32_BIT_CONVERSION = YES;
				GCC_WARN_ABOUT_RETURN_TYPE = YES_ERROR;
				GCC_WARN_UNDECLARED_SELECTOR = YES;
				GCC_WARN_UNINITIALIZED_AUTOS = YES_AGGRESSIVE;
				GCC_WARN_UNUSED_FUNCTION = YES;
				GCC_WARN_UNUSED_VARIABLE = YES;
				IPHONEOS_DEPLOYMENT_TARGET = 8.3;
				MTL_ENABLE_DEBUG_INFO = YES;
				ONLY_ACTIVE_ARCH = YES;
				SDKROOT = iphoneos;
				SWIFT_OPTIMIZATION_LEVEL = "-Onone";
			};
			name = Debug;
		};
		4810E36D1B1744C400F72097 /* Release */ = {
			isa = XCBuildConfiguration;
			buildSettings = {
				ALWAYS_SEARCH_USER_PATHS = NO;
				CLANG_CXX_LANGUAGE_STANDARD = "gnu++0x";
				CLANG_CXX_LIBRARY = "libc++";
				CLANG_ENABLE_MODULES = YES;
				CLANG_ENABLE_OBJC_ARC = YES;
				CLANG_WARN_BOOL_CONVERSION = YES;
				CLANG_WARN_CONSTANT_CONVERSION = YES;
				CLANG_WARN_DIRECT_OBJC_ISA_USAGE = YES_ERROR;
				CLANG_WARN_EMPTY_BODY = YES;
				CLANG_WARN_ENUM_CONVERSION = YES;
				CLANG_WARN_INT_CONVERSION = YES;
				CLANG_WARN_OBJC_ROOT_CLASS = YES_ERROR;
				CLANG_WARN_UNREACHABLE_CODE = YES;
				CLANG_WARN__DUPLICATE_METHOD_MATCH = YES;
				"CODE_SIGN_IDENTITY[sdk=iphoneos*]" = "iPhone Developer";
				COPY_PHASE_STRIP = NO;
				DEBUG_INFORMATION_FORMAT = "dwarf-with-dsym";
				ENABLE_NS_ASSERTIONS = NO;
				ENABLE_STRICT_OBJC_MSGSEND = YES;
				GCC_C_LANGUAGE_STANDARD = gnu99;
				GCC_NO_COMMON_BLOCKS = YES;
				GCC_WARN_64_TO_32_BIT_CONVERSION = YES;
				GCC_WARN_ABOUT_RETURN_TYPE = YES_ERROR;
				GCC_WARN_UNDECLARED_SELECTOR = YES;
				GCC_WARN_UNINITIALIZED_AUTOS = YES_AGGRESSIVE;
				GCC_WARN_UNUSED_FUNCTION = YES;
				GCC_WARN_UNUSED_VARIABLE = YES;
				IPHONEOS_DEPLOYMENT_TARGET = 8.3;
				MTL_ENABLE_DEBUG_INFO = NO;
				SDKROOT = iphoneos;
				VALIDATE_PRODUCT = YES;
			};
			name = Release;
		};
		4810E36F1B1744C400F72097 /* Debug */ = {
			isa = XCBuildConfiguration;
			buildSettings = {
				ASSETCATALOG_COMPILER_APPICON_NAME = AppIcon;
				CLANG_ENABLE_MODULES = YES;
				INFOPLIST_FILE = CoreDataModeller/Info.plist;
				LD_RUNPATH_SEARCH_PATHS = "$(inherited) @executable_path/Frameworks";
				PRODUCT_NAME = "$(TARGET_NAME)";
				SWIFT_OBJC_BRIDGING_HEADER = "CoreDataModeller/CoreDataModeller-Bridging-Header.h";
				SWIFT_OPTIMIZATION_LEVEL = "-Onone";
			};
			name = Debug;
		};
		4810E3701B1744C400F72097 /* Release */ = {
			isa = XCBuildConfiguration;
			buildSettings = {
				ASSETCATALOG_COMPILER_APPICON_NAME = AppIcon;
				CLANG_ENABLE_MODULES = YES;
				INFOPLIST_FILE = CoreDataModeller/Info.plist;
				LD_RUNPATH_SEARCH_PATHS = "$(inherited) @executable_path/Frameworks";
				PRODUCT_NAME = "$(TARGET_NAME)";
				SWIFT_OBJC_BRIDGING_HEADER = "CoreDataModeller/CoreDataModeller-Bridging-Header.h";
			};
			name = Release;
		};
		4810E3721B1744C400F72097 /* Debug */ = {
			isa = XCBuildConfiguration;
			buildSettings = {
				BUNDLE_LOADER = "$(TEST_HOST)";
				FRAMEWORK_SEARCH_PATHS = (
					"$(SDKROOT)/Developer/Library/Frameworks",
					"$(inherited)",
				);
				GCC_PREPROCESSOR_DEFINITIONS = (
					"DEBUG=1",
					"$(inherited)",
				);
				INFOPLIST_FILE = CoreDataModellerTests/Info.plist;
				LD_RUNPATH_SEARCH_PATHS = "$(inherited) @executable_path/Frameworks @loader_path/Frameworks";
				PRODUCT_NAME = "$(TARGET_NAME)";
				TEST_HOST = "$(BUILT_PRODUCTS_DIR)/CoreDataModeller.app/CoreDataModeller";
			};
			name = Debug;
		};
		4810E3731B1744C400F72097 /* Release */ = {
			isa = XCBuildConfiguration;
			buildSettings = {
				BUNDLE_LOADER = "$(TEST_HOST)";
				FRAMEWORK_SEARCH_PATHS = (
					"$(SDKROOT)/Developer/Library/Frameworks",
					"$(inherited)",
				);
				INFOPLIST_FILE = CoreDataModellerTests/Info.plist;
				LD_RUNPATH_SEARCH_PATHS = "$(inherited) @executable_path/Frameworks @loader_path/Frameworks";
				PRODUCT_NAME = "$(TARGET_NAME)";
				TEST_HOST = "$(BUILT_PRODUCTS_DIR)/CoreDataModeller.app/CoreDataModeller";
			};
			name = Release;
		};
/* End XCBuildConfiguration section */

/* Begin XCConfigurationList section */
		4810E34A1B1744C300F72097 /* Build configuration list for PBXProject "CoreDataModeller" */ = {
			isa = XCConfigurationList;
			buildConfigurations = (
				4810E36C1B1744C400F72097 /* Debug */,
				4810E36D1B1744C400F72097 /* Release */,
			);
			defaultConfigurationIsVisible = 0;
			defaultConfigurationName = Release;
		};
		4810E36E1B1744C400F72097 /* Build configuration list for PBXNativeTarget "CoreDataModeller" */ = {
			isa = XCConfigurationList;
			buildConfigurations = (
				4810E36F1B1744C400F72097 /* Debug */,
				4810E3701B1744C400F72097 /* Release */,
			);
			defaultConfigurationIsVisible = 0;
			defaultConfigurationName = Release;
		};
		4810E3711B1744C400F72097 /* Build configuration list for PBXNativeTarget "CoreDataModellerTests" */ = {
			isa = XCConfigurationList;
			buildConfigurations = (
				4810E3721B1744C400F72097 /* Debug */,
				4810E3731B1744C400F72097 /* Release */,
			);
			defaultConfigurationIsVisible = 0;
			defaultConfigurationName = Release;
		};
/* End XCConfigurationList section */

/* Begin XCVersionGroup section */
		48282E901B179DF400BDA782 /* Model.xcdatamodeld */ = {
			isa = XCVersionGroup;
			children = (
				48282E911B179DF400BDA782 /* Model.xcdatamodel */,
			);
			currentVersion = 48282E911B179DF400BDA782 /* Model.xcdatamodel */;
			path = Model.xcdatamodeld;
			sourceTree = "<group>";
			versionGroupType = wrapper.xcdatamodel;
		};
/* End XCVersionGroup section */
	};
	rootObject = 4810E3471B1744C300F72097 /* Project object */;
}
